
Microsoft Visual Studio Solution File, Format Version 12.00
# Visual Studio 2013
VisualStudioVersion = 12.0.21005.1
MinimumVisualStudioVersion = 10.0.40219.1
Project("{FAE04EC0-301F-11D3-BF4B-00C04F79EFBC}") = "Ketchup.Model", "Ketchup.Model\Ketchup.Model.csproj", "{C84B7C9C-AAF9-4197-935B-6880C5F39AB0}"
EndProject
Project("{2150E333-8FDC-42A3-9474-1A3956D46DE8}") = "Dependencies", "Dependencies", "{2A121D94-DF50-41B5-96D8-69DFE9C77BA2}"
	ProjectSection(SolutionItems) = preProject
		Dependencies\JamesDibble.ApplicationFramework.Data.Persistence.dll = Dependencies\JamesDibble.ApplicationFramework.Data.Persistence.dll
		Dependencies\JamesDibble.ApplicationFramework.Data.Persistence.EntityFrameworkCodeFirst.dll = Dependencies\JamesDibble.ApplicationFramework.Data.Persistence.EntityFrameworkCodeFirst.dll
		Dependencies\JamesDibble.ApplicationFramework.Data.Persistence.EntityFrameworkCodeFirst.XML = Dependencies\JamesDibble.ApplicationFramework.Data.Persistence.EntityFrameworkCodeFirst.XML
		Dependencies\JamesDibble.ApplicationFramework.Data.Persistence.xml = Dependencies\JamesDibble.ApplicationFramework.Data.Persistence.xml
		Dependencies\JamesDibble.Extensions.System.Data.dll = Dependencies\JamesDibble.Extensions.System.Data.dll
		Dependencies\JamesDibble.Extensions.System.Data.XML = Dependencies\JamesDibble.Extensions.System.Data.XML
	EndProjectSection
EndProject
Project("{FAE04EC0-301F-11D3-BF4B-00C04F79EFBC}") = "Ketchup.UnitTests", "Ketchup.UnitTests\Ketchup.UnitTests.csproj", "{D3E4C640-EC78-4061-8900-D23372CE04B8}"
EndProject
Project("{FAE04EC0-301F-11D3-BF4B-00C04F79EFBC}") = "Ketchup.Persistence.EntityFramework", "Ketchup.Persistence.EntityFramework\Ketchup.Persistence.EntityFramework.csproj", "{998CA2F1-504D-4AA2-A24C-E32E74C4172D}"
EndProject
Project("{2150E333-8FDC-42A3-9474-1A3956D46DE8}") = ".nuget", ".nuget", "{57630CBB-957F-4933-9554-225D0DF3CFDC}"
	ProjectSection(SolutionItems) = preProject
		.nuget\NuGet.Config = .nuget\NuGet.Config
		.nuget\NuGet.exe = .nuget\NuGet.exe
		.nuget\NuGet.targets = .nuget\NuGet.targets
	EndProjectSection
EndProject
Project("{FAE04EC0-301F-11D3-BF4B-00C04F79EFBC}") = "Ketchup.IntegrationTests", "Ketchup.IntegrationTests\Ketchup.IntegrationTests.csproj", "{B4309ED1-F195-4D79-9DDD-D989EA52D281}"
EndProject
Project("{2150E333-8FDC-42A3-9474-1A3956D46DE8}") = "Solution Items", "Solution Items", "{6C1E8017-36D0-4A95-93B7-80804ACDC208}"
	ProjectSection(SolutionItems) = preProject
		Ketchup.sln.DotSettings = Ketchup.sln.DotSettings
		Settings.StyleCop = Settings.StyleCop
	EndProjectSection
EndProject
Project("{FAE04EC0-301F-11D3-BF4B-00C04F79EFBC}") = "Ketchup.Core", "Ketchup.Core\Ketchup.Core.csproj", "{9FFE7E48-334F-4A94-80A4-315B4FE11F92}"
EndProject
Global
	GlobalSection(SolutionConfigurationPlatforms) = preSolution
		Debug|Any CPU = Debug|Any CPU
		Release|Any CPU = Release|Any CPU
	EndGlobalSection
	GlobalSection(ProjectConfigurationPlatforms) = postSolution
		{C84B7C9C-AAF9-4197-935B-6880C5F39AB0}.Debug|Any CPU.ActiveCfg = Debug|Any CPU
		{C84B7C9C-AAF9-4197-935B-6880C5F39AB0}.Debug|Any CPU.Build.0 = Debug|Any CPU
		{C84B7C9C-AAF9-4197-935B-6880C5F39AB0}.Release|Any CPU.ActiveCfg = Release|Any CPU
		{C84B7C9C-AAF9-4197-935B-6880C5F39AB0}.Release|Any CPU.Build.0 = Release|Any CPU
		{D3E4C640-EC78-4061-8900-D23372CE04B8}.Debug|Any CPU.ActiveCfg = Debug|Any CPU
		{D3E4C640-EC78-4061-8900-D23372CE04B8}.Debug|Any CPU.Build.0 = Debug|Any CPU
		{D3E4C640-EC78-4061-8900-D23372CE04B8}.Release|Any CPU.ActiveCfg = Release|Any CPU
		{D3E4C640-EC78-4061-8900-D23372CE04B8}.Release|Any CPU.Build.0 = Release|Any CPU
		{998CA2F1-504D-4AA2-A24C-E32E74C4172D}.Debug|Any CPU.ActiveCfg = Debug|Any CPU
		{998CA2F1-504D-4AA2-A24C-E32E74C4172D}.Debug|Any CPU.Build.0 = Debug|Any CPU
		{998CA2F1-504D-4AA2-A24C-E32E74C4172D}.Release|Any CPU.ActiveCfg = Release|Any CPU
		{998CA2F1-504D-4AA2-A24C-E32E74C4172D}.Release|Any CPU.Build.0 = Release|Any CPU
		{B4309ED1-F195-4D79-9DDD-D989EA52D281}.Debug|Any CPU.ActiveCfg = Debug|Any CPU
		{B4309ED1-F195-4D79-9DDD-D989EA52D281}.Debug|Any CPU.Build.0 = Debug|Any CPU
		{B4309ED1-F195-4D79-9DDD-D989EA52D281}.Release|Any CPU.ActiveCfg = Release|Any CPU
		{B4309ED1-F195-4D79-9DDD-D989EA52D281}.Release|Any CPU.Build.0 = Release|Any CPU
		{9FFE7E48-334F-4A94-80A4-315B4FE11F92}.Debug|Any CPU.ActiveCfg = Debug|Any CPU
		{9FFE7E48-334F-4A94-80A4-315B4FE11F92}.Debug|Any CPU.Build.0 = Debug|Any CPU
		{9FFE7E48-334F-4A94-80A4-315B4FE11F92}.Release|Any CPU.ActiveCfg = Release|Any CPU
		{9FFE7E48-334F-4A94-80A4-315B4FE11F92}.Release|Any CPU.Build.0 = Release|Any CPU
	EndGlobalSection
	GlobalSection(SolutionProperties) = preSolution
		HideSolutionNode = FALSE
	EndGlobalSection
	GlobalSection(ExtensibilityGlobals) = postSolution
		EnterpriseLibraryConfigurationToolBinariesPath = packages\Unity.2.1.505.2\lib\NET35
	EndGlobalSection
EndGlobal
